// !$*UTF8*$!
{
	archiveVersion = 1;
	classes = {
	};
	objectVersion = 46;
	objects = {

/* Begin PBXBuildFile section */
		5370926616ED0F6B00B51746 /* GraphListenerDelegate.m in Sources */ = {isa = PBXBuildFile; fileRef = 5370926516ED0F6B00B51746 /* GraphListenerDelegate.m */; };
		537095C016EEBA2A00B51746 /* Original_218x75.png in Resources */ = {isa = PBXBuildFile; fileRef = 537095BF16EEBA2900B51746 /* Original_218x75.png */; };
		537095CC16EEC04E00B51746 /* SelectSessionController.m in Sources */ = {isa = PBXBuildFile; fileRef = 537095CB16EEC04E00B51746 /* SelectSessionController.m */; };
		53C8818416EC0A52007098C9 /* CFNetwork.framework in Frameworks */ = {isa = PBXBuildFile; fileRef = 53C8818316EC0A52007098C9 /* CFNetwork.framework */; };
		53C8818616EC0A5C007098C9 /* Security.framework in Frameworks */ = {isa = PBXBuildFile; fileRef = 53C8818516EC0A5C007098C9 /* Security.framework */; };
		53C8818816EC0A6E007098C9 /* libicucore.dylib in Frameworks */ = {isa = PBXBuildFile; fileRef = 53C8818716EC0A6E007098C9 /* libicucore.dylib */; };
		53C8819116EC0B51007098C9 /* base64.c in Sources */ = {isa = PBXBuildFile; fileRef = 53C8818A16EC0B51007098C9 /* base64.c */; };
		53C8819216EC0B51007098C9 /* NSData+SRB64Additions.m in Sources */ = {isa = PBXBuildFile; fileRef = 53C8818D16EC0B51007098C9 /* NSData+SRB64Additions.m */; };
		53C8819316EC0B51007098C9 /* SRWebSocket.m in Sources */ = {isa = PBXBuildFile; fileRef = 53C8819016EC0B51007098C9 /* SRWebSocket.m */; };
		53C8819616EC203B007098C9 /* ConnectionDelegate.m in Sources */ = {isa = PBXBuildFile; fileRef = 53C8819516EC203B007098C9 /* ConnectionDelegate.m */; };
		53EB95FF16EED85E00A9087B /* loading.gif in Resources */ = {isa = PBXBuildFile; fileRef = 53EB95F616EED85E00A9087B /* loading.gif */; };
		53EB960016EED85E00A9087B /* UMLComponentView.m in Sources */ = {isa = PBXBuildFile; fileRef = 53EB95F816EED85E00A9087B /* UMLComponentView.m */; };
		53EB960116EED85E00A9087B /* UMLComponentView.xib in Resources */ = {isa = PBXBuildFile; fileRef = 53EB95F916EED85E00A9087B /* UMLComponentView.xib */; };
		53EB960216EED85E00A9087B /* UMLPlaceholderView.m in Sources */ = {isa = PBXBuildFile; fileRef = 53EB95FB16EED85E00A9087B /* UMLPlaceholderView.m */; };
		53EB960316EED85E00A9087B /* UMLPlaceholderView.xib in Resources */ = {isa = PBXBuildFile; fileRef = 53EB95FC16EED85E00A9087B /* UMLPlaceholderView.xib */; };
		5854E6FD16EAD0E300068C59 /* UIKit.framework in Frameworks */ = {isa = PBXBuildFile; fileRef = 5854E6FC16EAD0E300068C59 /* UIKit.framework */; };
		5854E6FF16EAD0E300068C59 /* Foundation.framework in Frameworks */ = {isa = PBXBuildFile; fileRef = 5854E6FE16EAD0E300068C59 /* Foundation.framework */; };
		5854E70116EAD0E300068C59 /* CoreGraphics.framework in Frameworks */ = {isa = PBXBuildFile; fileRef = 5854E70016EAD0E300068C59 /* CoreGraphics.framework */; };
		5854E70716EAD0E300068C59 /* InfoPlist.strings in Resources */ = {isa = PBXBuildFile; fileRef = 5854E70516EAD0E300068C59 /* InfoPlist.strings */; };
		5854E70916EAD0E300068C59 /* main.m in Sources */ = {isa = PBXBuildFile; fileRef = 5854E70816EAD0E300068C59 /* main.m */; };
		5854E70D16EAD0E300068C59 /* AppDelegate.m in Sources */ = {isa = PBXBuildFile; fileRef = 5854E70C16EAD0E300068C59 /* AppDelegate.m */; };
		5854E70F16EAD0E300068C59 /* Default.png in Resources */ = {isa = PBXBuildFile; fileRef = 5854E70E16EAD0E300068C59 /* Default.png */; };
		5854E71116EAD0E300068C59 /* Default@2x.png in Resources */ = {isa = PBXBuildFile; fileRef = 5854E71016EAD0E300068C59 /* Default@2x.png */; };
		5854E71316EAD0E300068C59 /* Default-568h@2x.png in Resources */ = {isa = PBXBuildFile; fileRef = 5854E71216EAD0E300068C59 /* Default-568h@2x.png */; };
		5854E71616EAD0E300068C59 /* MainStoryboard_iPhone.storyboard in Resources */ = {isa = PBXBuildFile; fileRef = 5854E71416EAD0E300068C59 /* MainStoryboard_iPhone.storyboard */; };
		5854E71916EAD0E300068C59 /* MainStoryboard_iPad.storyboard in Resources */ = {isa = PBXBuildFile; fileRef = 5854E71716EAD0E300068C59 /* MainStoryboard_iPad.storyboard */; };
		5854E71C16EAD0E300068C59 /* ViewController.m in Sources */ = {isa = PBXBuildFile; fileRef = 5854E71B16EAD0E300068C59 /* ViewController.m */; };
		5854E72416EB9A3400068C59 /* CanvasViewController.m in Sources */ = {isa = PBXBuildFile; fileRef = 5854E72316EB9A3300068C59 /* CanvasViewController.m */; };
		5876387B16EF974B00C3C659 /* loading.gif in Resources */ = {isa = PBXBuildFile; fileRef = 5876387416EF974B00C3C659 /* loading.gif */; };
		5876387C16EF974B00C3C659 /* UMLComponentView.m in Sources */ = {isa = PBXBuildFile; fileRef = 5876387616EF974B00C3C659 /* UMLComponentView.m */; };
		5876387D16EF974B00C3C659 /* UMLComponentView.xib in Resources */ = {isa = PBXBuildFile; fileRef = 5876387716EF974B00C3C659 /* UMLComponentView.xib */; };
		5876387E16EF974B00C3C659 /* UMLPlaceholderView.m in Sources */ = {isa = PBXBuildFile; fileRef = 5876387916EF974B00C3C659 /* UMLPlaceholderView.m */; };
		5876387F16EF974B00C3C659 /* UMLPlaceholderView.xib in Resources */ = {isa = PBXBuildFile; fileRef = 5876387A16EF974B00C3C659 /* UMLPlaceholderView.xib */; };
		5876388216EF9D8100C3C659 /* UMLAddView.m in Sources */ = {isa = PBXBuildFile; fileRef = 5876388116EF9D8100C3C659 /* UMLAddView.m */; };
		5876388816F011A900C3C659 /* UMLAddView.xib in Resources */ = {isa = PBXBuildFile; fileRef = 5876388716F011A900C3C659 /* UMLAddView.xib */; };
		5876388B16F016FB00C3C659 /* EditComponentViewController.m in Sources */ = {isa = PBXBuildFile; fileRef = 5876388A16F016FB00C3C659 /* EditComponentViewController.m */; };
		5876388F16F01AE500C3C659 /* grid.jpg in Resources */ = {isa = PBXBuildFile; fileRef = 5876388E16F01AE500C3C659 /* grid.jpg */; };
/* End PBXBuildFile section */

/* Begin PBXFileReference section */
		5370926416ED0F6B00B51746 /* GraphListenerDelegate.h */ = {isa = PBXFileReference; fileEncoding = 4; lastKnownFileType = sourcecode.c.h; path = GraphListenerDelegate.h; sourceTree = "<group>"; };
		5370926516ED0F6B00B51746 /* GraphListenerDelegate.m */ = {isa = PBXFileReference; fileEncoding = 4; lastKnownFileType = sourcecode.c.objc; path = GraphListenerDelegate.m; sourceTree = "<group>"; };
		537095BF16EEBA2900B51746 /* Original_218x75.png */ = {isa = PBXFileReference; lastKnownFileType = image.png; name = Original_218x75.png; path = Classifyr/Original_218x75.png; sourceTree = "<group>"; };
		537095CA16EEC04E00B51746 /* SelectSessionController.h */ = {isa = PBXFileReference; fileEncoding = 4; lastKnownFileType = sourcecode.c.h; path = SelectSessionController.h; sourceTree = "<group>"; };
		537095CB16EEC04E00B51746 /* SelectSessionController.m */ = {isa = PBXFileReference; fileEncoding = 4; lastKnownFileType = sourcecode.c.objc; path = SelectSessionController.m; sourceTree = "<group>"; };
		53C8818316EC0A52007098C9 /* CFNetwork.framework */ = {isa = PBXFileReference; lastKnownFileType = wrapper.framework; name = CFNetwork.framework; path = System/Library/Frameworks/CFNetwork.framework; sourceTree = SDKROOT; };
		53C8818516EC0A5C007098C9 /* Security.framework */ = {isa = PBXFileReference; lastKnownFileType = wrapper.framework; name = Security.framework; path = System/Library/Frameworks/Security.framework; sourceTree = SDKROOT; };
		53C8818716EC0A6E007098C9 /* libicucore.dylib */ = {isa = PBXFileReference; lastKnownFileType = "compiled.mach-o.dylib"; name = libicucore.dylib; path = usr/lib/libicucore.dylib; sourceTree = SDKROOT; };
		53C8818A16EC0B51007098C9 /* base64.c */ = {isa = PBXFileReference; fileEncoding = 4; lastKnownFileType = sourcecode.c.c; path = base64.c; sourceTree = "<group>"; };
		53C8818B16EC0B51007098C9 /* base64.h */ = {isa = PBXFileReference; fileEncoding = 4; lastKnownFileType = sourcecode.c.h; path = base64.h; sourceTree = "<group>"; };
		53C8818C16EC0B51007098C9 /* NSData+SRB64Additions.h */ = {isa = PBXFileReference; fileEncoding = 4; lastKnownFileType = sourcecode.c.h; path = "NSData+SRB64Additions.h"; sourceTree = "<group>"; };
		53C8818D16EC0B51007098C9 /* NSData+SRB64Additions.m */ = {isa = PBXFileReference; fileEncoding = 4; lastKnownFileType = sourcecode.c.objc; path = "NSData+SRB64Additions.m"; sourceTree = "<group>"; };
		53C8818E16EC0B51007098C9 /* SocketRocket-Prefix.pch */ = {isa = PBXFileReference; fileEncoding = 4; lastKnownFileType = sourcecode.c.h; path = "SocketRocket-Prefix.pch"; sourceTree = "<group>"; };
		53C8818F16EC0B51007098C9 /* SRWebSocket.h */ = {isa = PBXFileReference; fileEncoding = 4; lastKnownFileType = sourcecode.c.h; path = SRWebSocket.h; sourceTree = "<group>"; };
		53C8819016EC0B51007098C9 /* SRWebSocket.m */ = {isa = PBXFileReference; fileEncoding = 4; lastKnownFileType = sourcecode.c.objc; path = SRWebSocket.m; sourceTree = "<group>"; };
		53C8819416EC203B007098C9 /* ConnectionDelegate.h */ = {isa = PBXFileReference; fileEncoding = 4; lastKnownFileType = sourcecode.c.h; path = ConnectionDelegate.h; sourceTree = "<group>"; };
		53C8819516EC203B007098C9 /* ConnectionDelegate.m */ = {isa = PBXFileReference; fileEncoding = 4; lastKnownFileType = sourcecode.c.objc; path = ConnectionDelegate.m; sourceTree = "<group>"; };
		53EB95F616EED85E00A9087B /* loading.gif */ = {isa = PBXFileReference; lastKnownFileType = image.gif; path = loading.gif; sourceTree = "<group>"; };
		53EB95F716EED85E00A9087B /* UMLComponentView.h */ = {isa = PBXFileReference; fileEncoding = 4; lastKnownFileType = sourcecode.c.h; path = UMLComponentView.h; sourceTree = "<group>"; };
		53EB95F816EED85E00A9087B /* UMLComponentView.m */ = {isa = PBXFileReference; fileEncoding = 4; lastKnownFileType = sourcecode.c.objc; path = UMLComponentView.m; sourceTree = "<group>"; };
		53EB95F916EED85E00A9087B /* UMLComponentView.xib */ = {isa = PBXFileReference; fileEncoding = 4; lastKnownFileType = file.xib; path = UMLComponentView.xib; sourceTree = "<group>"; };
		53EB95FA16EED85E00A9087B /* UMLPlaceholderView.h */ = {isa = PBXFileReference; fileEncoding = 4; lastKnownFileType = sourcecode.c.h; path = UMLPlaceholderView.h; sourceTree = "<group>"; };
		53EB95FB16EED85E00A9087B /* UMLPlaceholderView.m */ = {isa = PBXFileReference; fileEncoding = 4; lastKnownFileType = sourcecode.c.objc; path = UMLPlaceholderView.m; sourceTree = "<group>"; };
		53EB95FC16EED85E00A9087B /* UMLPlaceholderView.xib */ = {isa = PBXFileReference; fileEncoding = 4; lastKnownFileType = file.xib; path = UMLPlaceholderView.xib; sourceTree = "<group>"; };
		5854E6F916EAD0E300068C59 /* Classifyr.app */ = {isa = PBXFileReference; explicitFileType = wrapper.application; includeInIndex = 0; path = Classifyr.app; sourceTree = BUILT_PRODUCTS_DIR; };
		5854E6FC16EAD0E300068C59 /* UIKit.framework */ = {isa = PBXFileReference; lastKnownFileType = wrapper.framework; name = UIKit.framework; path = System/Library/Frameworks/UIKit.framework; sourceTree = SDKROOT; };
		5854E6FE16EAD0E300068C59 /* Foundation.framework */ = {isa = PBXFileReference; lastKnownFileType = wrapper.framework; name = Foundation.framework; path = System/Library/Frameworks/Foundation.framework; sourceTree = SDKROOT; };
		5854E70016EAD0E300068C59 /* CoreGraphics.framework */ = {isa = PBXFileReference; lastKnownFileType = wrapper.framework; name = CoreGraphics.framework; path = System/Library/Frameworks/CoreGraphics.framework; sourceTree = SDKROOT; };
		5854E70416EAD0E300068C59 /* Classifyr-Info.plist */ = {isa = PBXFileReference; lastKnownFileType = text.plist.xml; path = "Classifyr-Info.plist"; sourceTree = "<group>"; };
		5854E70616EAD0E300068C59 /* en */ = {isa = PBXFileReference; lastKnownFileType = text.plist.strings; name = en; path = en.lproj/InfoPlist.strings; sourceTree = "<group>"; };
		5854E70816EAD0E300068C59 /* main.m */ = {isa = PBXFileReference; lastKnownFileType = sourcecode.c.objc; path = main.m; sourceTree = "<group>"; };
		5854E70A16EAD0E300068C59 /* Classifyr-Prefix.pch */ = {isa = PBXFileReference; lastKnownFileType = sourcecode.c.h; path = "Classifyr-Prefix.pch"; sourceTree = "<group>"; };
		5854E70B16EAD0E300068C59 /* AppDelegate.h */ = {isa = PBXFileReference; lastKnownFileType = sourcecode.c.h; path = AppDelegate.h; sourceTree = "<group>"; };
		5854E70C16EAD0E300068C59 /* AppDelegate.m */ = {isa = PBXFileReference; lastKnownFileType = sourcecode.c.objc; path = AppDelegate.m; sourceTree = "<group>"; };
		5854E70E16EAD0E300068C59 /* Default.png */ = {isa = PBXFileReference; lastKnownFileType = image.png; path = Default.png; sourceTree = "<group>"; };
		5854E71016EAD0E300068C59 /* Default@2x.png */ = {isa = PBXFileReference; lastKnownFileType = image.png; path = "Default@2x.png"; sourceTree = "<group>"; };
		5854E71216EAD0E300068C59 /* Default-568h@2x.png */ = {isa = PBXFileReference; lastKnownFileType = image.png; path = "Default-568h@2x.png"; sourceTree = "<group>"; };
		5854E71516EAD0E300068C59 /* en */ = {isa = PBXFileReference; lastKnownFileType = file.storyboard; name = en; path = en.lproj/MainStoryboard_iPhone.storyboard; sourceTree = "<group>"; };
		5854E71816EAD0E300068C59 /* en */ = {isa = PBXFileReference; lastKnownFileType = file.storyboard; name = en; path = en.lproj/MainStoryboard_iPad.storyboard; sourceTree = "<group>"; };
		5854E71A16EAD0E300068C59 /* ViewController.h */ = {isa = PBXFileReference; lastKnownFileType = sourcecode.c.h; path = ViewController.h; sourceTree = "<group>"; };
		5854E71B16EAD0E300068C59 /* ViewController.m */ = {isa = PBXFileReference; lastKnownFileType = sourcecode.c.objc; path = ViewController.m; sourceTree = "<group>"; };
		5854E72216EB9A3300068C59 /* CanvasViewController.h */ = {isa = PBXFileReference; fileEncoding = 4; lastKnownFileType = sourcecode.c.h; path = CanvasViewController.h; sourceTree = "<group>"; };
		5854E72316EB9A3300068C59 /* CanvasViewController.m */ = {isa = PBXFileReference; fileEncoding = 4; lastKnownFileType = sourcecode.c.objc; path = CanvasViewController.m; sourceTree = "<group>"; };
		5876387416EF974B00C3C659 /* loading.gif */ = {isa = PBXFileReference; lastKnownFileType = image.gif; path = loading.gif; sourceTree = "<group>"; };
		5876387516EF974B00C3C659 /* UMLComponentView.h */ = {isa = PBXFileReference; fileEncoding = 4; lastKnownFileType = sourcecode.c.h; path = UMLComponentView.h; sourceTree = "<group>"; };
		5876387616EF974B00C3C659 /* UMLComponentView.m */ = {isa = PBXFileReference; fileEncoding = 4; lastKnownFileType = sourcecode.c.objc; path = UMLComponentView.m; sourceTree = "<group>"; };
		5876387716EF974B00C3C659 /* UMLComponentView.xib */ = {isa = PBXFileReference; fileEncoding = 4; lastKnownFileType = file.xib; path = UMLComponentView.xib; sourceTree = "<group>"; };
		5876387816EF974B00C3C659 /* UMLPlaceholderView.h */ = {isa = PBXFileReference; fileEncoding = 4; lastKnownFileType = sourcecode.c.h; path = UMLPlaceholderView.h; sourceTree = "<group>"; };
		5876387916EF974B00C3C659 /* UMLPlaceholderView.m */ = {isa = PBXFileReference; fileEncoding = 4; lastKnownFileType = sourcecode.c.objc; path = UMLPlaceholderView.m; sourceTree = "<group>"; };
		5876387A16EF974B00C3C659 /* UMLPlaceholderView.xib */ = {isa = PBXFileReference; fileEncoding = 4; lastKnownFileType = file.xib; path = UMLPlaceholderView.xib; sourceTree = "<group>"; };
		5876388016EF9D8100C3C659 /* UMLAddView.h */ = {isa = PBXFileReference; fileEncoding = 4; lastKnownFileType = sourcecode.c.h; path = UMLAddView.h; sourceTree = "<group>"; };
		5876388116EF9D8100C3C659 /* UMLAddView.m */ = {isa = PBXFileReference; fileEncoding = 4; lastKnownFileType = sourcecode.c.objc; path = UMLAddView.m; sourceTree = "<group>"; };
		5876388716F011A900C3C659 /* UMLAddView.xib */ = {isa = PBXFileReference; fileEncoding = 4; lastKnownFileType = file.xib; path = UMLAddView.xib; sourceTree = "<group>"; };
		5876388916F016FB00C3C659 /* EditComponentViewController.h */ = {isa = PBXFileReference; fileEncoding = 4; lastKnownFileType = sourcecode.c.h; path = EditComponentViewController.h; sourceTree = "<group>"; };
		5876388A16F016FB00C3C659 /* EditComponentViewController.m */ = {isa = PBXFileReference; fileEncoding = 4; lastKnownFileType = sourcecode.c.objc; path = EditComponentViewController.m; sourceTree = "<group>"; };
		5876388E16F01AE500C3C659 /* grid.jpg */ = {isa = PBXFileReference; lastKnownFileType = image.jpeg; name = grid.jpg; path = Classifyr/grid.jpg; sourceTree = "<group>"; };
		5876389116F0206100C3C659 /* EditComponentViewControllerDelegate.h */ = {isa = PBXFileReference; lastKnownFileType = sourcecode.c.h; path = EditComponentViewControllerDelegate.h; sourceTree = "<group>"; };
/* End PBXFileReference section */

/* Begin PBXFrameworksBuildPhase section */
		5854E6F616EAD0E300068C59 /* Frameworks */ = {
			isa = PBXFrameworksBuildPhase;
			buildActionMask = 2147483647;
			files = (
				53C8818816EC0A6E007098C9 /* libicucore.dylib in Frameworks */,
				53C8818616EC0A5C007098C9 /* Security.framework in Frameworks */,
				53C8818416EC0A52007098C9 /* CFNetwork.framework in Frameworks */,
				5854E6FD16EAD0E300068C59 /* UIKit.framework in Frameworks */,
				5854E6FF16EAD0E300068C59 /* Foundation.framework in Frameworks */,
				5854E70116EAD0E300068C59 /* CoreGraphics.framework in Frameworks */,
			);
			runOnlyForDeploymentPostprocessing = 0;
		};
/* End PBXFrameworksBuildPhase section */

/* Begin PBXGroup section */
		53C8818916EC0B51007098C9 /* SocketRocket */ = {
			isa = PBXGroup;
			children = (
				53C8818A16EC0B51007098C9 /* base64.c */,
				53C8818B16EC0B51007098C9 /* base64.h */,
				53C8818C16EC0B51007098C9 /* NSData+SRB64Additions.h */,
				53C8818D16EC0B51007098C9 /* NSData+SRB64Additions.m */,
				53C8818E16EC0B51007098C9 /* SocketRocket-Prefix.pch */,
				53C8818F16EC0B51007098C9 /* SRWebSocket.h */,
				53C8819016EC0B51007098C9 /* SRWebSocket.m */,
			);
			path = SocketRocket;
			sourceTree = "<group>";
		};
		5854E6F016EAD0E300068C59 = {
			isa = PBXGroup;
			children = (
				5876388E16F01AE500C3C659 /* grid.jpg */,
				537095BF16EEBA2900B51746 /* Original_218x75.png */,
				53C8818916EC0B51007098C9 /* SocketRocket */,
				53C8818716EC0A6E007098C9 /* libicucore.dylib */,
				53C8818516EC0A5C007098C9 /* Security.framework */,
				53C8818316EC0A52007098C9 /* CFNetwork.framework */,
				5854E70216EAD0E300068C59 /* Classifyr */,
				5854E6FB16EAD0E300068C59 /* Frameworks */,
				5854E6FA16EAD0E300068C59 /* Products */,
			);
			sourceTree = "<group>";
		};
		5854E6FA16EAD0E300068C59 /* Products */ = {
			isa = PBXGroup;
			children = (
				5854E6F916EAD0E300068C59 /* Classifyr.app */,
			);
			name = Products;
			sourceTree = "<group>";
		};
		5854E6FB16EAD0E300068C59 /* Frameworks */ = {
			isa = PBXGroup;
			children = (
				5854E6FC16EAD0E300068C59 /* UIKit.framework */,
				5854E6FE16EAD0E300068C59 /* Foundation.framework */,
				5854E70016EAD0E300068C59 /* CoreGraphics.framework */,
			);
			name = Frameworks;
			sourceTree = "<group>";
		};
		5854E70216EAD0E300068C59 /* Classifyr */ = {
			isa = PBXGroup;
			children = (
				5876387416EF974B00C3C659 /* loading.gif */,
				5876387516EF974B00C3C659 /* UMLComponentView.h */,
				5876387616EF974B00C3C659 /* UMLComponentView.m */,
				5876387716EF974B00C3C659 /* UMLComponentView.xib */,
				5876387816EF974B00C3C659 /* UMLPlaceholderView.h */,
				5876387916EF974B00C3C659 /* UMLPlaceholderView.m */,
				5876387A16EF974B00C3C659 /* UMLPlaceholderView.xib */,
				5854E70B16EAD0E300068C59 /* AppDelegate.h */,
				5854E70C16EAD0E300068C59 /* AppDelegate.m */,
				5854E71416EAD0E300068C59 /* MainStoryboard_iPhone.storyboard */,
				5854E72216EB9A3300068C59 /* CanvasViewController.h */,
				5854E72316EB9A3300068C59 /* CanvasViewController.m */,
				5854E71716EAD0E300068C59 /* MainStoryboard_iPad.storyboard */,
				5854E71A16EAD0E300068C59 /* ViewController.h */,
				5854E71B16EAD0E300068C59 /* ViewController.m */,
				5854E70316EAD0E300068C59 /* Supporting Files */,
				53C8819416EC203B007098C9 /* ConnectionDelegate.h */,
				53C8819516EC203B007098C9 /* ConnectionDelegate.m */,
				5370926416ED0F6B00B51746 /* GraphListenerDelegate.h */,
				5370926516ED0F6B00B51746 /* GraphListenerDelegate.m */,
				537095CA16EEC04E00B51746 /* SelectSessionController.h */,
				537095CB16EEC04E00B51746 /* SelectSessionController.m */,
				5876388016EF9D8100C3C659 /* UMLAddView.h */,
				5876388116EF9D8100C3C659 /* UMLAddView.m */,
				5876388716F011A900C3C659 /* UMLAddView.xib */,
				5876388916F016FB00C3C659 /* EditComponentViewController.h */,
				5876388A16F016FB00C3C659 /* EditComponentViewController.m */,
				5876389116F0206100C3C659 /* EditComponentViewControllerDelegate.h */,
			);
			path = Classifyr;
			sourceTree = "<group>";
		};
		5854E70316EAD0E300068C59 /* Supporting Files */ = {
			isa = PBXGroup;
			children = (
				5854E70416EAD0E300068C59 /* Classifyr-Info.plist */,
				5854E70516EAD0E300068C59 /* InfoPlist.strings */,
				5854E70816EAD0E300068C59 /* main.m */,
				5854E70A16EAD0E300068C59 /* Classifyr-Prefix.pch */,
				5854E70E16EAD0E300068C59 /* Default.png */,
				5854E71016EAD0E300068C59 /* Default@2x.png */,
				5854E71216EAD0E300068C59 /* Default-568h@2x.png */,
			);
			name = "Supporting Files";
			sourceTree = "<group>";
		};
/* End PBXGroup section */

/* Begin PBXNativeTarget section */
		5854E6F816EAD0E300068C59 /* Classifyr */ = {
			isa = PBXNativeTarget;
			buildConfigurationList = 5854E71F16EAD0E300068C59 /* Build configuration list for PBXNativeTarget "Classifyr" */;
			buildPhases = (
				5854E6F516EAD0E300068C59 /* Sources */,
				5854E6F616EAD0E300068C59 /* Frameworks */,
				5854E6F716EAD0E300068C59 /* Resources */,
			);
			buildRules = (
			);
			dependencies = (
			);
			name = Classifyr;
			productName = Classifyr;
			productReference = 5854E6F916EAD0E300068C59 /* Classifyr.app */;
			productType = "com.apple.product-type.application";
		};
/* End PBXNativeTarget section */

/* Begin PBXProject section */
		5854E6F116EAD0E300068C59 /* Project object */ = {
			isa = PBXProject;
			attributes = {
				LastUpgradeCheck = 0460;
				ORGANIZATIONNAME = "B-SQUADRON";
			};
			buildConfigurationList = 5854E6F416EAD0E300068C59 /* Build configuration list for PBXProject "Classifyr" */;
			compatibilityVersion = "Xcode 3.2";
			developmentRegion = English;
			hasScannedForEncodings = 0;
			knownRegions = (
				en,
			);
			mainGroup = 5854E6F016EAD0E300068C59;
			productRefGroup = 5854E6FA16EAD0E300068C59 /* Products */;
			projectDirPath = "";
			projectRoot = "";
			targets = (
				5854E6F816EAD0E300068C59 /* Classifyr */,
			);
		};
/* End PBXProject section */

/* Begin PBXResourcesBuildPhase section */
		5854E6F716EAD0E300068C59 /* Resources */ = {
			isa = PBXResourcesBuildPhase;
			buildActionMask = 2147483647;
			files = (
				5854E70716EAD0E300068C59 /* InfoPlist.strings in Resources */,
				5854E70F16EAD0E300068C59 /* Default.png in Resources */,
				5854E71116EAD0E300068C59 /* Default@2x.png in Resources */,
				5854E71316EAD0E300068C59 /* Default-568h@2x.png in Resources */,
				5854E71616EAD0E300068C59 /* MainStoryboard_iPhone.storyboard in Resources */,
				5854E71916EAD0E300068C59 /* MainStoryboard_iPad.storyboard in Resources */,
				537095C016EEBA2A00B51746 /* Original_218x75.png in Resources */,
				5876387B16EF974B00C3C659 /* loading.gif in Resources */,
				5876387D16EF974B00C3C659 /* UMLComponentView.xib in Resources */,
				5876387F16EF974B00C3C659 /* UMLPlaceholderView.xib in Resources */,
				5876388816F011A900C3C659 /* UMLAddView.xib in Resources */,
				5876388F16F01AE500C3C659 /* grid.jpg in Resources */,
			);
			runOnlyForDeploymentPostprocessing = 0;
		};
/* End PBXResourcesBuildPhase section */

/* Begin PBXSourcesBuildPhase section */
		5854E6F516EAD0E300068C59 /* Sources */ = {
			isa = PBXSourcesBuildPhase;
			buildActionMask = 2147483647;
			files = (
				5854E70916EAD0E300068C59 /* main.m in Sources */,
				5854E70D16EAD0E300068C59 /* AppDelegate.m in Sources */,
				5854E71C16EAD0E300068C59 /* ViewController.m in Sources */,
				5854E72416EB9A3400068C59 /* CanvasViewController.m in Sources */,
				53C8819116EC0B51007098C9 /* base64.c in Sources */,
				53C8819216EC0B51007098C9 /* NSData+SRB64Additions.m in Sources */,
				53C8819316EC0B51007098C9 /* SRWebSocket.m in Sources */,
				53C8819616EC203B007098C9 /* ConnectionDelegate.m in Sources */,
				5370926616ED0F6B00B51746 /* GraphListenerDelegate.m in Sources */,
				537095CC16EEC04E00B51746 /* SelectSessionController.m in Sources */,
				5876387C16EF974B00C3C659 /* UMLComponentView.m in Sources */,
				5876387E16EF974B00C3C659 /* UMLPlaceholderView.m in Sources */,
				5876388216EF9D8100C3C659 /* UMLAddView.m in Sources */,
				5876388B16F016FB00C3C659 /* EditComponentViewController.m in Sources */,
			);
			runOnlyForDeploymentPostprocessing = 0;
		};
/* End PBXSourcesBuildPhase section */

/* Begin PBXVariantGroup section */
		5854E70516EAD0E300068C59 /* InfoPlist.strings */ = {
			isa = PBXVariantGroup;
			children = (
				5854E70616EAD0E300068C59 /* en */,
			);
			name = InfoPlist.strings;
			sourceTree = "<group>";
		};
		5854E71416EAD0E300068C59 /* MainStoryboard_iPhone.storyboard */ = {
			isa = PBXVariantGroup;
			children = (
				5854E71516EAD0E300068C59 /* en */,
			);
			name = MainStoryboard_iPhone.storyboard;
			sourceTree = "<group>";
		};
		5854E71716EAD0E300068C59 /* MainStoryboard_iPad.storyboard */ = {
			isa = PBXVariantGroup;
			children = (
				5854E71816EAD0E300068C59 /* en */,
			);
			name = MainStoryboard_iPad.storyboard;
			sourceTree = "<group>";
		};
/* End PBXVariantGroup section */

/* Begin XCBuildConfiguration section */
		5854E71D16EAD0E300068C59 /* Debug */ = {
			isa = XCBuildConfiguration;
			buildSettings = {
				ALWAYS_SEARCH_USER_PATHS = NO;
				CLANG_CXX_LANGUAGE_STANDARD = "gnu++0x";
				CLANG_CXX_LIBRARY = "libc++";
				CLANG_ENABLE_OBJC_ARC = YES;
				CLANG_WARN_CONSTANT_CONVERSION = YES;
				CLANG_WARN_EMPTY_BODY = YES;
				CLANG_WARN_ENUM_CONVERSION = YES;
				CLANG_WARN_INT_CONVERSION = YES;
				CLANG_WARN__DUPLICATE_METHOD_MATCH = YES;
				"CODE_SIGN_IDENTITY[sdk=iphoneos*]" = "iPhone Developer";
				COPY_PHASE_STRIP = NO;
				GCC_C_LANGUAGE_STANDARD = gnu99;
				GCC_DYNAMIC_NO_PIC = NO;
				GCC_OPTIMIZATION_LEVEL = 0;
				GCC_PREPROCESSOR_DEFINITIONS = (
					"DEBUG=1",
					"$(inherited)",
				);
				GCC_SYMBOLS_PRIVATE_EXTERN = NO;
				GCC_WARN_ABOUT_RETURN_TYPE = YES;
				GCC_WARN_UNINITIALIZED_AUTOS = YES;
				GCC_WARN_UNUSED_VARIABLE = YES;
				IPHONEOS_DEPLOYMENT_TARGET = 6.1;
				ONLY_ACTIVE_ARCH = YES;
				SDKROOT = iphoneos;
				TARGETED_DEVICE_FAMILY = "1,2";
			};
			name = Debug;
		};
		5854E71E16EAD0E300068C59 /* Release */ = {
			isa = XCBuildConfiguration;
			buildSettings = {
				ALWAYS_SEARCH_USER_PATHS = NO;
				CLANG_CXX_LANGUAGE_STANDARD = "gnu++0x";
				CLANG_CXX_LIBRARY = "libc++";
				CLANG_ENABLE_OBJC_ARC = YES;
				CLANG_WARN_CONSTANT_CONVERSION = YES;
				CLANG_WARN_EMPTY_BODY = YES;
				CLANG_WARN_ENUM_CONVERSION = YES;
				CLANG_WARN_INT_CONVERSION = YES;
				CLANG_WARN__DUPLICATE_METHOD_MATCH = YES;
				"CODE_SIGN_IDENTITY[sdk=iphoneos*]" = "iPhone Developer";
				COPY_PHASE_STRIP = YES;
				GCC_C_LANGUAGE_STANDARD = gnu99;
				GCC_WARN_ABOUT_RETURN_TYPE = YES;
				GCC_WARN_UNINITIALIZED_AUTOS = YES;
				GCC_WARN_UNUSED_VARIABLE = YES;
				IPHONEOS_DEPLOYMENT_TARGET = 6.1;
				OTHER_CFLAGS = "-DNS_BLOCK_ASSERTIONS=1";
				SDKROOT = iphoneos;
				TARGETED_DEVICE_FAMILY = "1,2";
				VALIDATE_PRODUCT = YES;
			};
			name = Release;
		};
		5854E72016EAD0E300068C59 /* Debug */ = {
			isa = XCBuildConfiguration;
			buildSettings = {
				GCC_PRECOMPILE_PREFIX_HEADER = YES;
				GCC_PREFIX_HEADER = "Classifyr/Classifyr-Prefix.pch";
				HEADER_SEARCH_PATHS = "../../libraries/**";
				INFOPLIST_FILE = "Classifyr/Classifyr-Info.plist";
				LIBRARY_SEARCH_PATHS = (
					"$(inherited)",
					"\"$(SRCROOT)/UnittWebSocketClient/bin/Debug-iphoneos\"",
					"\"$(SRCROOT)/UnittWebSocketClient/bin/Debug-iphonesimulator\"",
					"\"$(SRCROOT)/UnittWebSocketClient/bin/Release-iphoneos\"",
					"\"$(SRCROOT)/UnittWebSocketClient/bin/Release-iphonesimulator\"",
				);
				OTHER_LDFLAGS = "-ObjC";
				PRODUCT_NAME = "$(TARGET_NAME)";
				WRAPPER_EXTENSION = app;
			};
			name = Debug;
		};
		5854E72116EAD0E300068C59 /* Release */ = {
			isa = XCBuildConfiguration;
			buildSettings = {
				GCC_PRECOMPILE_PREFIX_HEADER = YES;
				GCC_PREFIX_HEADER = "Classifyr/Classifyr-Prefix.pch";
				HEADER_SEARCH_PATHS = "../../libraries/**";
				INFOPLIST_FILE = "Classifyr/Classifyr-Info.plist";
				LIBRARY_SEARCH_PATHS = (
					"$(inherited)",
					"\"$(SRCROOT)/UnittWebSocketClient/bin/Debug-iphoneos\"",
					"\"$(SRCROOT)/UnittWebSocketClient/bin/Debug-iphonesimulator\"",
					"\"$(SRCROOT)/UnittWebSocketClient/bin/Release-iphoneos\"",
					"\"$(SRCROOT)/UnittWebSocketClient/bin/Release-iphonesimulator\"",
				);
				OTHER_LDFLAGS = "-ObjC";
				PRODUCT_NAME = "$(TARGET_NAME)";
				WRAPPER_EXTENSION = app;
			};
			name = Release;
		};
/* End XCBuildConfiguration section */

/* Begin XCConfigurationList section */
		5854E6F416EAD0E300068C59 /* Build configuration list for PBXProject "Classifyr" */ = {
			isa = XCConfigurationList;
			buildConfigurations = (
				5854E71D16EAD0E300068C59 /* Debug */,
				5854E71E16EAD0E300068C59 /* Release */,
			);
			defaultConfigurationIsVisible = 0;
			defaultConfigurationName = Release;
		};
		5854E71F16EAD0E300068C59 /* Build configuration list for PBXNativeTarget "Classifyr" */ = {
			isa = XCConfigurationList;
			buildConfigurations = (
				5854E72016EAD0E300068C59 /* Debug */,
				5854E72116EAD0E300068C59 /* Release */,
			);
			defaultConfigurationIsVisible = 0;
			defaultConfigurationName = Release;
		};
/* End XCConfigurationList section */
	};
	rootObject = 5854E6F116EAD0E300068C59 /* Project object */;
}
